
Microsoft Visual Studio Solution File, Format Version 12.00
# Visual Studio Version 17
VisualStudioVersion = 17.5.002.0
MinimumVisualStudioVersion = 10.0.40219.1
Project("{2150E333-8FDC-42A3-9474-1A3956D46DE8}") = "src", "src", "{01FD6598-301F-40DD-84F6-691901D36C68}"
EndProject
Project("{FAE04EC0-301F-11D3-BF4B-00C04F79EFBC}") = "Journey.Database", "src\Journey.Database\Journey.Database.csproj", "{73A2B0A3-DDD7-40BC-A916-EC4BB2E472D5}"
EndProject
Project("{2150E333-8FDC-42A3-9474-1A3956D46DE8}") = "test", "test", "{17405901-8BDD-4B1A-9AB8-90C1774354CD}"
EndProject
Project("{FAE04EC0-301F-11D3-BF4B-00C04F79EFBC}") = "Journey.Test.Database", "test\Journey.Test.Database\Journey.Test.Database.csproj", "{EE5810B2-904C-451D-A485-7880C1C9DFC0}"
EndProject
Global
	GlobalSection(SolutionConfigurationPlatforms) = preSolution
		Debug|Any CPU = Debug|Any CPU
		Release|Any CPU = Release|Any CPU
	EndGlobalSection
	GlobalSection(SolutionProperties) = preSolution
		HideSolutionNode = FALSE
	EndGlobalSection
	GlobalSection(ExtensibilityGlobals) = postSolution
		SolutionGuid = {0B5E42A6-9566-4C87-855F-ADD226D5FFB5}
	EndGlobalSection
	GlobalSection(ProjectConfigurationPlatforms) = postSolution
		{73A2B0A3-DDD7-40BC-A916-EC4BB2E472D5}.Debug|Any CPU.ActiveCfg = Debug|Any CPU
		{73A2B0A3-DDD7-40BC-A916-EC4BB2E472D5}.Debug|Any CPU.Build.0 = Debug|Any CPU
		{73A2B0A3-DDD7-40BC-A916-EC4BB2E472D5}.Release|Any CPU.ActiveCfg = Release|Any CPU
		{73A2B0A3-DDD7-40BC-A916-EC4BB2E472D5}.Release|Any CPU.Build.0 = Release|Any CPU
		{EE5810B2-904C-451D-A485-7880C1C9DFC0}.Debug|Any CPU.ActiveCfg = Debug|Any CPU
		{EE5810B2-904C-451D-A485-7880C1C9DFC0}.Debug|Any CPU.Build.0 = Debug|Any CPU
		{EE5810B2-904C-451D-A485-7880C1C9DFC0}.Release|Any CPU.ActiveCfg = Release|Any CPU
		{EE5810B2-904C-451D-A485-7880C1C9DFC0}.Release|Any CPU.Build.0 = Release|Any CPU
	EndGlobalSection
	GlobalSection(NestedProjects) = preSolution
		{73A2B0A3-DDD7-40BC-A916-EC4BB2E472D5} = {01FD6598-301F-40DD-84F6-691901D36C68}
		{EE5810B2-904C-451D-A485-7880C1C9DFC0} = {17405901-8BDD-4B1A-9AB8-90C1774354CD}
	EndGlobalSection
EndGlobal
